
Microsoft Visual Studio Solution File, Format Version 10.00
# Visual Studio 2008
# SharpDevelop 3.2.0.5698
Project("{FAE04EC0-301F-11D3-BF4B-00C04F79EFBC}") = "euler001", "euler001\euler001.csproj", "{E7BAB149-3298-43EF-B98E-2711EAEBA9F1}"
EndProject
Project("{FAE04EC0-301F-11D3-BF4B-00C04F79EFBC}") = "euler002", "euler002\euler002.csproj", "{0BD35106-5D21-4FDA-9AC3-99419B836F8F}"
EndProject
Project("{FAE04EC0-301F-11D3-BF4B-00C04F79EFBC}") = "NumberTheory", "NumberTheory\NumberTheory.csproj", "{27C10DAC-4404-4A2B-9CE0-97467659706E}"
EndProject
Project("{FAE04EC0-301F-11D3-BF4B-00C04F79EFBC}") = "euler003", "euler003\euler003.csproj", "{DDF4831C-EB26-4F2D-ABFB-D5D58FD9C46C}"
EndProject
Project("{FAE04EC0-301F-11D3-BF4B-00C04F79EFBC}") = "NumberTheoryTest", "NumberTheoryTest\NumberTheoryTest.csproj", "{3D9887ED-C75E-4DD5-8584-F3B19952F211}"
EndProject
Project("{FAE04EC0-301F-11D3-BF4B-00C04F79EFBC}") = "euler004", "euler004\euler004.csproj", "{FC30385D-2BA1-46FE-8CA6-42DB9AA5AD7E}"
EndProject
Project("{FAE04EC0-301F-11D3-BF4B-00C04F79EFBC}") = "euler005", "euler005\euler005.csproj", "{7A260C63-F559-4DFF-9085-FF0586866DA6}"
EndProject
Project("{FAE04EC0-301F-11D3-BF4B-00C04F79EFBC}") = "euler006", "euler006\euler006.csproj", "{19DB7CFE-31CD-4DD4-BF01-89C84AB52B5A}"
EndProject
Project("{FAE04EC0-301F-11D3-BF4B-00C04F79EFBC}") = "euler007", "euler007\euler007.csproj", "{760AA18A-5C1D-49DD-AEFD-C875E4DAF85D}"
EndProject
Global
	GlobalSection(SolutionConfigurationPlatforms) = preSolution
		Debug|x86 = Debug|x86
		Release|x86 = Release|x86
	EndGlobalSection
	GlobalSection(ProjectConfigurationPlatforms) = postSolution
		{E7BAB149-3298-43EF-B98E-2711EAEBA9F1}.Debug|x86.Build.0 = Debug|x86
		{E7BAB149-3298-43EF-B98E-2711EAEBA9F1}.Debug|x86.ActiveCfg = Debug|x86
		{E7BAB149-3298-43EF-B98E-2711EAEBA9F1}.Release|x86.Build.0 = Release|x86
		{E7BAB149-3298-43EF-B98E-2711EAEBA9F1}.Release|x86.ActiveCfg = Release|x86
		{0BD35106-5D21-4FDA-9AC3-99419B836F8F}.Debug|x86.Build.0 = Debug|x86
		{0BD35106-5D21-4FDA-9AC3-99419B836F8F}.Debug|x86.ActiveCfg = Debug|x86
		{0BD35106-5D21-4FDA-9AC3-99419B836F8F}.Release|x86.Build.0 = Release|x86
		{0BD35106-5D21-4FDA-9AC3-99419B836F8F}.Release|x86.ActiveCfg = Release|x86
		{27C10DAC-4404-4A2B-9CE0-97467659706E}.Debug|x86.Build.0 = Debug|x86
		{27C10DAC-4404-4A2B-9CE0-97467659706E}.Debug|x86.ActiveCfg = Debug|x86
		{27C10DAC-4404-4A2B-9CE0-97467659706E}.Release|x86.Build.0 = Release|x86
		{27C10DAC-4404-4A2B-9CE0-97467659706E}.Release|x86.ActiveCfg = Release|x86
		{DDF4831C-EB26-4F2D-ABFB-D5D58FD9C46C}.Debug|x86.Build.0 = Debug|x86
		{DDF4831C-EB26-4F2D-ABFB-D5D58FD9C46C}.Debug|x86.ActiveCfg = Debug|x86
		{DDF4831C-EB26-4F2D-ABFB-D5D58FD9C46C}.Release|x86.Build.0 = Release|x86
		{DDF4831C-EB26-4F2D-ABFB-D5D58FD9C46C}.Release|x86.ActiveCfg = Release|x86
		{3D9887ED-C75E-4DD5-8584-F3B19952F211}.Debug|x86.Build.0 = Debug|x86
		{3D9887ED-C75E-4DD5-8584-F3B19952F211}.Debug|x86.ActiveCfg = Debug|x86
		{3D9887ED-C75E-4DD5-8584-F3B19952F211}.Release|x86.Build.0 = Release|x86
		{3D9887ED-C75E-4DD5-8584-F3B19952F211}.Release|x86.ActiveCfg = Release|x86
		{FC30385D-2BA1-46FE-8CA6-42DB9AA5AD7E}.Debug|x86.Build.0 = Debug|x86
		{FC30385D-2BA1-46FE-8CA6-42DB9AA5AD7E}.Debug|x86.ActiveCfg = Debug|x86
		{FC30385D-2BA1-46FE-8CA6-42DB9AA5AD7E}.Release|x86.Build.0 = Release|x86
		{FC30385D-2BA1-46FE-8CA6-42DB9AA5AD7E}.Release|x86.ActiveCfg = Release|x86
		{7A260C63-F559-4DFF-9085-FF0586866DA6}.Debug|x86.Build.0 = Debug|x86
		{7A260C63-F559-4DFF-9085-FF0586866DA6}.Debug|x86.ActiveCfg = Debug|x86
		{7A260C63-F559-4DFF-9085-FF0586866DA6}.Release|x86.Build.0 = Release|x86
		{7A260C63-F559-4DFF-9085-FF0586866DA6}.Release|x86.ActiveCfg = Release|x86
		{19DB7CFE-31CD-4DD4-BF01-89C84AB52B5A}.Debug|x86.Build.0 = Debug|x86
		{19DB7CFE-31CD-4DD4-BF01-89C84AB52B5A}.Debug|x86.ActiveCfg = Debug|x86
		{19DB7CFE-31CD-4DD4-BF01-89C84AB52B5A}.Release|x86.Build.0 = Release|x86
		{19DB7CFE-31CD-4DD4-BF01-89C84AB52B5A}.Release|x86.ActiveCfg = Release|x86
		{760AA18A-5C1D-49DD-AEFD-C875E4DAF85D}.Debug|x86.Build.0 = Debug|x86
		{760AA18A-5C1D-49DD-AEFD-C875E4DAF85D}.Debug|x86.ActiveCfg = Debug|x86
		{760AA18A-5C1D-49DD-AEFD-C875E4DAF85D}.Release|x86.Build.0 = Release|x86
		{760AA18A-5C1D-49DD-AEFD-C875E4DAF85D}.Release|x86.ActiveCfg = Release|x86
	EndGlobalSection
EndGlobal
