
Microsoft Visual Studio Solution File, Format Version 10.00
# Visual Studio 2008
# SharpDevelop 3.2.0.5698
Project("{FAE04EC0-301F-11D3-BF4B-00C04F79EFBC}") = "euler001", "euler001\euler001.csproj", "{E7BAB149-3298-43EF-B98E-2711EAEBA9F1}"
EndProject
Project("{FAE04EC0-301F-11D3-BF4B-00C04F79EFBC}") = "euler002", "euler002\euler002.csproj", "{0BD35106-5D21-4FDA-9AC3-99419B836F8F}"
EndProject
Project("{FAE04EC0-301F-11D3-BF4B-00C04F79EFBC}") = "NumberTheory", "NumberTheory\NumberTheory.csproj", "{27C10DAC-4404-4A2B-9CE0-97467659706E}"
EndProject
Project("{FAE04EC0-301F-11D3-BF4B-00C04F79EFBC}") = "euler003", "euler003\euler003.csproj", "{DDF4831C-EB26-4F2D-ABFB-D5D58FD9C46C}"
EndProject
Project("{FAE04EC0-301F-11D3-BF4B-00C04F79EFBC}") = "NumberTheoryTest", "NumberTheoryTest\NumberTheoryTest.csproj", "{3D9887ED-C75E-4DD5-8584-F3B19952F211}"
EndProject
Project("{FAE04EC0-301F-11D3-BF4B-00C04F79EFBC}") = "euler004", "euler004\euler004.csproj", "{FC30385D-2BA1-46FE-8CA6-42DB9AA5AD7E}"
EndProject
Project("{FAE04EC0-301F-11D3-BF4B-00C04F79EFBC}") = "euler005", "euler005\euler005.csproj", "{7A260C63-F559-4DFF-9085-FF0586866DA6}"
EndProject
Project("{FAE04EC0-301F-11D3-BF4B-00C04F79EFBC}") = "euler006", "euler006\euler006.csproj", "{19DB7CFE-31CD-4DD4-BF01-89C84AB52B5A}"
EndProject
Project("{FAE04EC0-301F-11D3-BF4B-00C04F79EFBC}") = "euler007", "euler007\euler007.csproj", "{760AA18A-5C1D-49DD-AEFD-C875E4DAF85D}"
EndProject
Project("{FAE04EC0-301F-11D3-BF4B-00C04F79EFBC}") = "euler008", "euler008\euler008.csproj", "{4206DD04-BF25-4F2D-BEE1-B5E767D07429}"
EndProject
Project("{FAE04EC0-301F-11D3-BF4B-00C04F79EFBC}") = "euler009", "euler009\euler009.csproj", "{65A8F668-57D2-45CC-9FB2-B0D95561F822}"
EndProject
Project("{FAE04EC0-301F-11D3-BF4B-00C04F79EFBC}") = "euler010", "euler010\euler010.csproj", "{7C71F9BD-1D97-4AED-B370-0AE70C26D5EF}"
EndProject
Project("{FAE04EC0-301F-11D3-BF4B-00C04F79EFBC}") = "euler011", "euler011\euler011.csproj", "{C1FDF3D5-8EE3-4B3F-9F0C-85565879252E}"
EndProject
Project("{FAE04EC0-301F-11D3-BF4B-00C04F79EFBC}") = "euler012", "euler012\euler012.csproj", "{F6173655-1F88-4E2F-B9F9-B452AEFF55AB}"
EndProject
Project("{FAE04EC0-301F-11D3-BF4B-00C04F79EFBC}") = "euler013", "euler013\euler013.csproj", "{F2BB57A9-A320-49D8-8BBC-A1702D5931BF}"
EndProject
Project("{FAE04EC0-301F-11D3-BF4B-00C04F79EFBC}") = "euler014", "euler014\euler014.csproj", "{5293342A-1CBE-4C7A-AC54-09F62950B63A}"
EndProject
Project("{FAE04EC0-301F-11D3-BF4B-00C04F79EFBC}") = "euler015", "euler015\euler015.csproj", "{2B80A79D-578A-4405-8DD2-9C75582AEECD}"
EndProject
Project("{FAE04EC0-301F-11D3-BF4B-00C04F79EFBC}") = "euler016", "euler016\euler016.csproj", "{E590E3AC-3D58-488D-97EE-EAFCA78DFD17}"
EndProject
Project("{FAE04EC0-301F-11D3-BF4B-00C04F79EFBC}") = "euler017", "euler017\euler017.csproj", "{FA2F2DDE-D9F6-4486-9C0C-75A7D8A55A44}"
EndProject
Project("{FAE04EC0-301F-11D3-BF4B-00C04F79EFBC}") = "euler018", "euler018\euler018.csproj", "{18756526-5C0E-4860-B8A3-03F88D800F9C}"
EndProject
Project("{FAE04EC0-301F-11D3-BF4B-00C04F79EFBC}") = "euler019", "euler019\euler019.csproj", "{A7422D58-DA09-4C75-9326-879AFCB5622A}"
EndProject
Project("{FAE04EC0-301F-11D3-BF4B-00C04F79EFBC}") = "euler020", "euler020\euler020.csproj", "{7EECA5A4-63DB-4792-B527-3F192F49F940}"
EndProject
Project("{FAE04EC0-301F-11D3-BF4B-00C04F79EFBC}") = "euler021", "euler021\euler021.csproj", "{568322E5-BA25-4400-8515-F2192545D07D}"
EndProject
Project("{FAE04EC0-301F-11D3-BF4B-00C04F79EFBC}") = "euler022", "euler022\euler022.csproj", "{3255EA10-FE2E-4FEE-B05E-47B949D79793}"
EndProject
Project("{FAE04EC0-301F-11D3-BF4B-00C04F79EFBC}") = "euler023", "euler023\euler023.csproj", "{DD212A11-0657-425A-9AC5-3EF6E45E91BF}"
EndProject
Project("{FAE04EC0-301F-11D3-BF4B-00C04F79EFBC}") = "Combinatorics", "Combinatorics\Combinatorics.csproj", "{CF6F7971-F840-487B-B5F9-9A5502E79C0A}"
EndProject
Project("{FAE04EC0-301F-11D3-BF4B-00C04F79EFBC}") = "CombinatoricsTest", "CombinatoricsTest\CombinatoricsTest.csproj", "{6A750400-50B0-4171-B694-D2C22E0EF88A}"
EndProject
Project("{FAE04EC0-301F-11D3-BF4B-00C04F79EFBC}") = "euler024", "euler024\euler024.csproj", "{C45C88E7-E38F-4D1B-8F9C-132D9B33930D}"
EndProject
Project("{FAE04EC0-301F-11D3-BF4B-00C04F79EFBC}") = "NumberTypes", "NumberTypes\NumberTypes.csproj", "{2C0B50CE-178D-4913-886C-81541A6DB7E2}"
EndProject
Project("{FAE04EC0-301F-11D3-BF4B-00C04F79EFBC}") = "NumberTypesTest", "NumberTypesTest\NumberTypesTest.csproj", "{A6495C90-525A-477D-A9A5-037EA270C6F1}"
EndProject
Project("{FAE04EC0-301F-11D3-BF4B-00C04F79EFBC}") = "euler025", "euler025\euler025.csproj", "{78CCA970-DBE8-40EC-971D-8AEDDFBA821A}"
EndProject
Project("{FAE04EC0-301F-11D3-BF4B-00C04F79EFBC}") = "euler026", "euler026\euler026.csproj", "{C51DC897-2F62-4F67-B1F6-9C7B4C4124EB}"
EndProject
Project("{FAE04EC0-301F-11D3-BF4B-00C04F79EFBC}") = "euler027", "euler027\euler027.csproj", "{347E5387-1C54-4EF3-B617-32D685BE8BF3}"
EndProject
Project("{FAE04EC0-301F-11D3-BF4B-00C04F79EFBC}") = "euler028", "euler028\euler028.csproj", "{6150B3E4-FA1F-47D3-BC87-2B6025ACB2F9}"
EndProject
Project("{FAE04EC0-301F-11D3-BF4B-00C04F79EFBC}") = "euler029", "euler029\euler029.csproj", "{B5434334-94BD-49BD-B575-346648F6B438}"
EndProject
Global
	GlobalSection(SolutionConfigurationPlatforms) = preSolution
		Debug|x86 = Debug|x86
		Release|x86 = Release|x86
	EndGlobalSection
	GlobalSection(ProjectConfigurationPlatforms) = postSolution
		{E7BAB149-3298-43EF-B98E-2711EAEBA9F1}.Debug|x86.Build.0 = Debug|x86
		{E7BAB149-3298-43EF-B98E-2711EAEBA9F1}.Debug|x86.ActiveCfg = Debug|x86
		{E7BAB149-3298-43EF-B98E-2711EAEBA9F1}.Release|x86.Build.0 = Release|x86
		{E7BAB149-3298-43EF-B98E-2711EAEBA9F1}.Release|x86.ActiveCfg = Release|x86
		{0BD35106-5D21-4FDA-9AC3-99419B836F8F}.Debug|x86.Build.0 = Debug|x86
		{0BD35106-5D21-4FDA-9AC3-99419B836F8F}.Debug|x86.ActiveCfg = Debug|x86
		{0BD35106-5D21-4FDA-9AC3-99419B836F8F}.Release|x86.Build.0 = Release|x86
		{0BD35106-5D21-4FDA-9AC3-99419B836F8F}.Release|x86.ActiveCfg = Release|x86
		{27C10DAC-4404-4A2B-9CE0-97467659706E}.Debug|x86.Build.0 = Debug|x86
		{27C10DAC-4404-4A2B-9CE0-97467659706E}.Debug|x86.ActiveCfg = Debug|x86
		{27C10DAC-4404-4A2B-9CE0-97467659706E}.Release|x86.Build.0 = Release|x86
		{27C10DAC-4404-4A2B-9CE0-97467659706E}.Release|x86.ActiveCfg = Release|x86
		{DDF4831C-EB26-4F2D-ABFB-D5D58FD9C46C}.Debug|x86.Build.0 = Debug|x86
		{DDF4831C-EB26-4F2D-ABFB-D5D58FD9C46C}.Debug|x86.ActiveCfg = Debug|x86
		{DDF4831C-EB26-4F2D-ABFB-D5D58FD9C46C}.Release|x86.Build.0 = Release|x86
		{DDF4831C-EB26-4F2D-ABFB-D5D58FD9C46C}.Release|x86.ActiveCfg = Release|x86
		{3D9887ED-C75E-4DD5-8584-F3B19952F211}.Debug|x86.Build.0 = Debug|x86
		{3D9887ED-C75E-4DD5-8584-F3B19952F211}.Debug|x86.ActiveCfg = Debug|x86
		{3D9887ED-C75E-4DD5-8584-F3B19952F211}.Release|x86.Build.0 = Release|x86
		{3D9887ED-C75E-4DD5-8584-F3B19952F211}.Release|x86.ActiveCfg = Release|x86
		{FC30385D-2BA1-46FE-8CA6-42DB9AA5AD7E}.Debug|x86.Build.0 = Debug|x86
		{FC30385D-2BA1-46FE-8CA6-42DB9AA5AD7E}.Debug|x86.ActiveCfg = Debug|x86
		{FC30385D-2BA1-46FE-8CA6-42DB9AA5AD7E}.Release|x86.Build.0 = Release|x86
		{FC30385D-2BA1-46FE-8CA6-42DB9AA5AD7E}.Release|x86.ActiveCfg = Release|x86
		{7A260C63-F559-4DFF-9085-FF0586866DA6}.Debug|x86.Build.0 = Debug|x86
		{7A260C63-F559-4DFF-9085-FF0586866DA6}.Debug|x86.ActiveCfg = Debug|x86
		{7A260C63-F559-4DFF-9085-FF0586866DA6}.Release|x86.Build.0 = Release|x86
		{7A260C63-F559-4DFF-9085-FF0586866DA6}.Release|x86.ActiveCfg = Release|x86
		{19DB7CFE-31CD-4DD4-BF01-89C84AB52B5A}.Debug|x86.Build.0 = Debug|x86
		{19DB7CFE-31CD-4DD4-BF01-89C84AB52B5A}.Debug|x86.ActiveCfg = Debug|x86
		{19DB7CFE-31CD-4DD4-BF01-89C84AB52B5A}.Release|x86.Build.0 = Release|x86
		{19DB7CFE-31CD-4DD4-BF01-89C84AB52B5A}.Release|x86.ActiveCfg = Release|x86
		{760AA18A-5C1D-49DD-AEFD-C875E4DAF85D}.Debug|x86.Build.0 = Debug|x86
		{760AA18A-5C1D-49DD-AEFD-C875E4DAF85D}.Debug|x86.ActiveCfg = Debug|x86
		{760AA18A-5C1D-49DD-AEFD-C875E4DAF85D}.Release|x86.Build.0 = Release|x86
		{760AA18A-5C1D-49DD-AEFD-C875E4DAF85D}.Release|x86.ActiveCfg = Release|x86
		{4206DD04-BF25-4F2D-BEE1-B5E767D07429}.Debug|x86.Build.0 = Debug|x86
		{4206DD04-BF25-4F2D-BEE1-B5E767D07429}.Debug|x86.ActiveCfg = Debug|x86
		{4206DD04-BF25-4F2D-BEE1-B5E767D07429}.Release|x86.Build.0 = Release|x86
		{4206DD04-BF25-4F2D-BEE1-B5E767D07429}.Release|x86.ActiveCfg = Release|x86
		{65A8F668-57D2-45CC-9FB2-B0D95561F822}.Debug|x86.Build.0 = Debug|x86
		{65A8F668-57D2-45CC-9FB2-B0D95561F822}.Debug|x86.ActiveCfg = Debug|x86
		{65A8F668-57D2-45CC-9FB2-B0D95561F822}.Release|x86.Build.0 = Release|x86
		{65A8F668-57D2-45CC-9FB2-B0D95561F822}.Release|x86.ActiveCfg = Release|x86
		{7C71F9BD-1D97-4AED-B370-0AE70C26D5EF}.Debug|x86.Build.0 = Debug|x86
		{7C71F9BD-1D97-4AED-B370-0AE70C26D5EF}.Debug|x86.ActiveCfg = Debug|x86
		{7C71F9BD-1D97-4AED-B370-0AE70C26D5EF}.Release|x86.Build.0 = Release|x86
		{7C71F9BD-1D97-4AED-B370-0AE70C26D5EF}.Release|x86.ActiveCfg = Release|x86
		{C1FDF3D5-8EE3-4B3F-9F0C-85565879252E}.Debug|x86.Build.0 = Debug|x86
		{C1FDF3D5-8EE3-4B3F-9F0C-85565879252E}.Debug|x86.ActiveCfg = Debug|x86
		{C1FDF3D5-8EE3-4B3F-9F0C-85565879252E}.Release|x86.Build.0 = Release|x86
		{C1FDF3D5-8EE3-4B3F-9F0C-85565879252E}.Release|x86.ActiveCfg = Release|x86
		{F6173655-1F88-4E2F-B9F9-B452AEFF55AB}.Debug|x86.Build.0 = Debug|x86
		{F6173655-1F88-4E2F-B9F9-B452AEFF55AB}.Debug|x86.ActiveCfg = Debug|x86
		{F6173655-1F88-4E2F-B9F9-B452AEFF55AB}.Release|x86.Build.0 = Release|x86
		{F6173655-1F88-4E2F-B9F9-B452AEFF55AB}.Release|x86.ActiveCfg = Release|x86
		{F2BB57A9-A320-49D8-8BBC-A1702D5931BF}.Debug|x86.Build.0 = Debug|x86
		{F2BB57A9-A320-49D8-8BBC-A1702D5931BF}.Debug|x86.ActiveCfg = Debug|x86
		{F2BB57A9-A320-49D8-8BBC-A1702D5931BF}.Release|x86.Build.0 = Release|x86
		{F2BB57A9-A320-49D8-8BBC-A1702D5931BF}.Release|x86.ActiveCfg = Release|x86
		{5293342A-1CBE-4C7A-AC54-09F62950B63A}.Debug|x86.Build.0 = Debug|x86
		{5293342A-1CBE-4C7A-AC54-09F62950B63A}.Debug|x86.ActiveCfg = Debug|x86
		{5293342A-1CBE-4C7A-AC54-09F62950B63A}.Release|x86.Build.0 = Release|x86
		{5293342A-1CBE-4C7A-AC54-09F62950B63A}.Release|x86.ActiveCfg = Release|x86
		{2B80A79D-578A-4405-8DD2-9C75582AEECD}.Debug|x86.Build.0 = Debug|x86
		{2B80A79D-578A-4405-8DD2-9C75582AEECD}.Debug|x86.ActiveCfg = Debug|x86
		{2B80A79D-578A-4405-8DD2-9C75582AEECD}.Release|x86.Build.0 = Release|x86
		{2B80A79D-578A-4405-8DD2-9C75582AEECD}.Release|x86.ActiveCfg = Release|x86
		{E590E3AC-3D58-488D-97EE-EAFCA78DFD17}.Debug|x86.Build.0 = Debug|x86
		{E590E3AC-3D58-488D-97EE-EAFCA78DFD17}.Debug|x86.ActiveCfg = Debug|x86
		{E590E3AC-3D58-488D-97EE-EAFCA78DFD17}.Release|x86.Build.0 = Release|x86
		{E590E3AC-3D58-488D-97EE-EAFCA78DFD17}.Release|x86.ActiveCfg = Release|x86
		{FA2F2DDE-D9F6-4486-9C0C-75A7D8A55A44}.Debug|x86.Build.0 = Debug|x86
		{FA2F2DDE-D9F6-4486-9C0C-75A7D8A55A44}.Debug|x86.ActiveCfg = Debug|x86
		{FA2F2DDE-D9F6-4486-9C0C-75A7D8A55A44}.Release|x86.Build.0 = Release|x86
		{FA2F2DDE-D9F6-4486-9C0C-75A7D8A55A44}.Release|x86.ActiveCfg = Release|x86
		{18756526-5C0E-4860-B8A3-03F88D800F9C}.Debug|x86.Build.0 = Debug|x86
		{18756526-5C0E-4860-B8A3-03F88D800F9C}.Debug|x86.ActiveCfg = Debug|x86
		{18756526-5C0E-4860-B8A3-03F88D800F9C}.Release|x86.Build.0 = Release|x86
		{18756526-5C0E-4860-B8A3-03F88D800F9C}.Release|x86.ActiveCfg = Release|x86
		{A7422D58-DA09-4C75-9326-879AFCB5622A}.Debug|x86.Build.0 = Debug|x86
		{A7422D58-DA09-4C75-9326-879AFCB5622A}.Debug|x86.ActiveCfg = Debug|x86
		{A7422D58-DA09-4C75-9326-879AFCB5622A}.Release|x86.Build.0 = Release|x86
		{A7422D58-DA09-4C75-9326-879AFCB5622A}.Release|x86.ActiveCfg = Release|x86
		{7EECA5A4-63DB-4792-B527-3F192F49F940}.Debug|x86.Build.0 = Debug|x86
		{7EECA5A4-63DB-4792-B527-3F192F49F940}.Debug|x86.ActiveCfg = Debug|x86
		{7EECA5A4-63DB-4792-B527-3F192F49F940}.Release|x86.Build.0 = Release|x86
		{7EECA5A4-63DB-4792-B527-3F192F49F940}.Release|x86.ActiveCfg = Release|x86
		{568322E5-BA25-4400-8515-F2192545D07D}.Debug|x86.Build.0 = Debug|x86
		{568322E5-BA25-4400-8515-F2192545D07D}.Debug|x86.ActiveCfg = Debug|x86
		{568322E5-BA25-4400-8515-F2192545D07D}.Release|x86.Build.0 = Release|x86
		{568322E5-BA25-4400-8515-F2192545D07D}.Release|x86.ActiveCfg = Release|x86
		{3255EA10-FE2E-4FEE-B05E-47B949D79793}.Debug|x86.Build.0 = Debug|x86
		{3255EA10-FE2E-4FEE-B05E-47B949D79793}.Debug|x86.ActiveCfg = Debug|x86
		{3255EA10-FE2E-4FEE-B05E-47B949D79793}.Release|x86.Build.0 = Release|x86
		{3255EA10-FE2E-4FEE-B05E-47B949D79793}.Release|x86.ActiveCfg = Release|x86
		{DD212A11-0657-425A-9AC5-3EF6E45E91BF}.Debug|x86.Build.0 = Debug|x86
		{DD212A11-0657-425A-9AC5-3EF6E45E91BF}.Debug|x86.ActiveCfg = Debug|x86
		{DD212A11-0657-425A-9AC5-3EF6E45E91BF}.Release|x86.Build.0 = Release|x86
		{DD212A11-0657-425A-9AC5-3EF6E45E91BF}.Release|x86.ActiveCfg = Release|x86
		{CF6F7971-F840-487B-B5F9-9A5502E79C0A}.Debug|x86.Build.0 = Debug|x86
		{CF6F7971-F840-487B-B5F9-9A5502E79C0A}.Debug|x86.ActiveCfg = Debug|x86
		{CF6F7971-F840-487B-B5F9-9A5502E79C0A}.Release|x86.Build.0 = Release|x86
		{CF6F7971-F840-487B-B5F9-9A5502E79C0A}.Release|x86.ActiveCfg = Release|x86
		{6A750400-50B0-4171-B694-D2C22E0EF88A}.Debug|x86.Build.0 = Debug|x86
		{6A750400-50B0-4171-B694-D2C22E0EF88A}.Debug|x86.ActiveCfg = Debug|x86
		{6A750400-50B0-4171-B694-D2C22E0EF88A}.Release|x86.Build.0 = Release|x86
		{6A750400-50B0-4171-B694-D2C22E0EF88A}.Release|x86.ActiveCfg = Release|x86
		{C45C88E7-E38F-4D1B-8F9C-132D9B33930D}.Debug|x86.Build.0 = Debug|x86
		{C45C88E7-E38F-4D1B-8F9C-132D9B33930D}.Debug|x86.ActiveCfg = Debug|x86
		{C45C88E7-E38F-4D1B-8F9C-132D9B33930D}.Release|x86.Build.0 = Release|x86
		{C45C88E7-E38F-4D1B-8F9C-132D9B33930D}.Release|x86.ActiveCfg = Release|x86
		{2C0B50CE-178D-4913-886C-81541A6DB7E2}.Debug|x86.Build.0 = Debug|x86
		{2C0B50CE-178D-4913-886C-81541A6DB7E2}.Debug|x86.ActiveCfg = Debug|x86
		{2C0B50CE-178D-4913-886C-81541A6DB7E2}.Release|x86.Build.0 = Release|x86
		{2C0B50CE-178D-4913-886C-81541A6DB7E2}.Release|x86.ActiveCfg = Release|x86
		{A6495C90-525A-477D-A9A5-037EA270C6F1}.Debug|x86.Build.0 = Debug|x86
		{A6495C90-525A-477D-A9A5-037EA270C6F1}.Debug|x86.ActiveCfg = Debug|x86
		{A6495C90-525A-477D-A9A5-037EA270C6F1}.Release|x86.Build.0 = Release|x86
		{A6495C90-525A-477D-A9A5-037EA270C6F1}.Release|x86.ActiveCfg = Release|x86
		{78CCA970-DBE8-40EC-971D-8AEDDFBA821A}.Debug|x86.Build.0 = Debug|x86
		{78CCA970-DBE8-40EC-971D-8AEDDFBA821A}.Debug|x86.ActiveCfg = Debug|x86
		{78CCA970-DBE8-40EC-971D-8AEDDFBA821A}.Release|x86.Build.0 = Release|x86
		{78CCA970-DBE8-40EC-971D-8AEDDFBA821A}.Release|x86.ActiveCfg = Release|x86
		{C51DC897-2F62-4F67-B1F6-9C7B4C4124EB}.Debug|x86.Build.0 = Debug|x86
		{C51DC897-2F62-4F67-B1F6-9C7B4C4124EB}.Debug|x86.ActiveCfg = Debug|x86
		{C51DC897-2F62-4F67-B1F6-9C7B4C4124EB}.Release|x86.Build.0 = Release|x86
		{C51DC897-2F62-4F67-B1F6-9C7B4C4124EB}.Release|x86.ActiveCfg = Release|x86
		{347E5387-1C54-4EF3-B617-32D685BE8BF3}.Debug|x86.Build.0 = Debug|x86
		{347E5387-1C54-4EF3-B617-32D685BE8BF3}.Debug|x86.ActiveCfg = Debug|x86
		{347E5387-1C54-4EF3-B617-32D685BE8BF3}.Release|x86.Build.0 = Release|x86
		{347E5387-1C54-4EF3-B617-32D685BE8BF3}.Release|x86.ActiveCfg = Release|x86
		{6150B3E4-FA1F-47D3-BC87-2B6025ACB2F9}.Debug|x86.Build.0 = Debug|x86
		{6150B3E4-FA1F-47D3-BC87-2B6025ACB2F9}.Debug|x86.ActiveCfg = Debug|x86
		{6150B3E4-FA1F-47D3-BC87-2B6025ACB2F9}.Release|x86.Build.0 = Release|x86
		{6150B3E4-FA1F-47D3-BC87-2B6025ACB2F9}.Release|x86.ActiveCfg = Release|x86
		{B5434334-94BD-49BD-B575-346648F6B438}.Debug|x86.Build.0 = Debug|x86
		{B5434334-94BD-49BD-B575-346648F6B438}.Debug|x86.ActiveCfg = Debug|x86
		{B5434334-94BD-49BD-B575-346648F6B438}.Release|x86.Build.0 = Release|x86
		{B5434334-94BD-49BD-B575-346648F6B438}.Release|x86.ActiveCfg = Release|x86
	EndGlobalSection
EndGlobal
